
Microsoft Visual Studio Solution File, Format Version 12.00
# Visual Studio 2015
Project("{FAE04EC0-301F-11D3-BF4B-00C04F79EFBC}") = "UnityServicesDemo.CSharp", "UnityServicesDemo.CSharp.csproj", "{8478FBB1-FE6C-400D-574B-4D4ECFA26A8D}"
EndProject
Global
	GlobalSection(SolutionConfigurationPlatforms) = preSolution
		Debug|Any CPU = Debug|Any CPU
		Release|Any CPU = Release|Any CPU
	EndGlobalSection
	GlobalSection(ProjectConfigurationPlatforms) = postSolution
		{8478FBB1-FE6C-400D-574B-4D4ECFA26A8D}.Debug|Any CPU.ActiveCfg = Debug|Any CPU
		{8478FBB1-FE6C-400D-574B-4D4ECFA26A8D}.Debug|Any CPU.Build.0 = Debug|Any CPU
		{8478FBB1-FE6C-400D-574B-4D4ECFA26A8D}.Release|Any CPU.ActiveCfg = Release|Any CPU
		{8478FBB1-FE6C-400D-574B-4D4ECFA26A8D}.Release|Any CPU.Build.0 = Release|Any CPU
	EndGlobalSection
	GlobalSection(SolutionProperties) = preSolution
		HideSolutionNode = FALSE
	EndGlobalSection
EndGlobal
